github.com/brunotm/log v0.2.2 h1:r+k3yHc24/DiT5ueMYQQ5T62mQsRSwALv4SCNnedFEg=
github.com/brunotm/log v0.2.2/go.mod h1:92hkPWrEcKbQvhS94abZ8cFoWOXyr2m9ncfYIBlVwlI=
gopkg.in/check.v1 v0.0.0-20161208181325-20d25e280405/go.mod h1:Co6ibVJAznAaIkqp8huTwlJQCZ016jof/cbN4VW5Yz0=
gopkg.in/yaml.v2 v2.2.4 h1:/eiJrUcujPVeJ3xlSWaiNi3uSVmDGBK1pDHUHAnao1I=
gopkg.in/yaml.v2 v2.2.4/go.mod h1:hI93XBmqTisBFMUTm0b8Fm+jr3Dg1NNxqwp+5A1VGuI=
